// !$*UTF8*$!
{
	archiveVersion = 1;
	classes = {
	};
	objectVersion = 77;
	objects = {

/* Begin PBXContainerItemProxy section */
		A01575B82E610E510035D125 /* PBXContainerItemProxy */ = {
			isa = PBXContainerItemProxy;
			containerPortal = A01575A12E610E500035D125 /* Project object */;
			proxyType = 1;
			remoteGlobalIDString = A01575A82E610E500035D125;
			remoteInfo = CSVPlusPlus;
		};
		A01575C22E610E510035D125 /* PBXContainerItemProxy */ = {
			isa = PBXContainerItemProxy;
			containerPortal = A01575A12E610E500035D125 /* Project object */;
			proxyType = 1;
			remoteGlobalIDString = A01575A82E610E500035D125;
			remoteInfo = CSVPlusPlus;
		};
/* End PBXContainerItemProxy section */

/* Begin PBXFileReference section */
		A01575A92E610E500035D125 /* CSVPlusPlus.app */ = {isa = PBXFileReference; explicitFileType = wrapper.application; includeInIndex = 0; path = CSVPlusPlus.app; sourceTree = BUILT_PRODUCTS_DIR; };
		A01575B72E610E510035D125 /* CSVPlusPlusTests.xctest */ = {isa = PBXFileReference; explicitFileType = wrapper.cfbundle; includeInIndex = 0; path = CSVPlusPlusTests.xctest; sourceTree = BUILT_PRODUCTS_DIR; };
		A01575C12E610E510035D125 /* CSVPlusPlusUITests.xctest */ = {isa = PBXFileReference; explicitFileType = wrapper.cfbundle; includeInIndex = 0; path = CSVPlusPlusUITests.xctest; sourceTree = BUILT_PRODUCTS_DIR; };
/* End PBXFileReference section */

/* Begin PBXFileSystemSynchronizedRootGroup section */
		A01575AB2E610E500035D125 /* CSVPlusPlus */ = {
			isa = PBXFileSystemSynchronizedRootGroup;
			path = CSVPlusPlus;
			sourceTree = "<group>";
		};
		A01575BA2E610E510035D125 /* CSVPlusPlusTests */ = {
			isa = PBXFileSystemSynchronizedRootGroup;
			path = CSVPlusPlusTests;
			sourceTree = "<group>";
		};
		A01575C42E610E510035D125 /* CSVPlusPlusUITests */ = {
			isa = PBXFileSystemSynchronizedRootGroup;
			path = CSVPlusPlusUITests;
			sourceTree = "<group>";
		};
/* End PBXFileSystemSynchronizedRootGroup section */

/* Begin PBXFrameworksBuildPhase section */
		A01575A62E610E500035D125 /* Frameworks */ = {
			isa = PBXFrameworksBuildPhase;
			buildActionMask = 2147483647;
			files = (
			);
			runOnlyForDeploymentPostprocessing = 0;
		};
		A01575B42E610E510035D125 /* Frameworks */ = {
			isa = PBXFrameworksBuildPhase;
			buildActionMask = 2147483647;
			files = (
			);
			runOnlyForDeploymentPostprocessing = 0;
		};
		A01575BE2E610E510035D125 /* Frameworks */ = {
			isa = PBXFrameworksBuildPhase;
			buildActionMask = 2147483647;
			files = (
			);
			runOnlyForDeploymentPostprocessing = 0;
		};
/* End PBXFrameworksBuildPhase section */

/* Begin PBXGroup section */
		A01575A02E610E500035D125 = {
			isa = PBXGroup;
			children = (
				A01575AB2E610E500035D125 /* CSVPlusPlus */,
				A01575BA2E610E510035D125 /* CSVPlusPlusTests */,
				A01575C42E610E510035D125 /* CSVPlusPlusUITests */,
				A01575AA2E610E500035D125 /* Products */,
			);
			sourceTree = "<group>";
		};
		A01575AA2E610E500035D125 /* Products */ = {
			isa = PBXGroup;
			children = (
				A01575A92E610E500035D125 /* CSVPlusPlus.app */,
				A01575B72E610E510035D125 /* CSVPlusPlusTests.xctest */,
				A01575C12E610E510035D125 /* CSVPlusPlusUITests.xctest */,
			);
			name = Products;
			sourceTree = "<group>";
		};
/* End PBXGroup section */

/* Begin PBXNativeTarget section */
		A01575A82E610E500035D125 /* CSVPlusPlus */ = {
			isa = PBXNativeTarget;
			buildConfigurationList = A01575CB2E610E510035D125 /* Build configuration list for PBXNativeTarget "CSVPlusPlus" */;
			buildPhases = (
				A01575A52E610E500035D125 /* Sources */,
				A01575A62E610E500035D125 /* Frameworks */,
				A01575A72E610E500035D125 /* Resources */,
			);
			buildRules = (
			);
			dependencies = (
			);
			fileSystemSynchronizedGroups = (
				A01575AB2E610E500035D125 /* CSVPlusPlus */,
			);
			name = CSVPlusPlus;
			packageProductDependencies = (
			);
			productName = CSVPlusPlus;
			productReference = A01575A92E610E500035D125 /* CSVPlusPlus.app */;
			productType = "com.apple.product-type.application";
		};
		A01575B62E610E510035D125 /* CSVPlusPlusTests */ = {
			isa = PBXNativeTarget;
			buildConfigurationList = A01575CE2E610E510035D125 /* Build configuration list for PBXNativeTarget "CSVPlusPlusTests" */;
			buildPhases = (
				A01575B32E610E510035D125 /* Sources */,
				A01575B42E610E510035D125 /* Frameworks */,
				A01575B52E610E510035D125 /* Resources */,
			);
			buildRules = (
			);
			dependencies = (
				A01575B92E610E510035D125 /* PBXTargetDependency */,
			);
			fileSystemSynchronizedGroups = (
				A01575BA2E610E510035D125 /* CSVPlusPlusTests */,
			);
			name = CSVPlusPlusTests;
			packageProductDependencies = (
			);
			productName = CSVPlusPlusTests;
			productReference = A01575B72E610E510035D125 /* CSVPlusPlusTests.xctest */;
			productType = "com.apple.product-type.bundle.unit-test";
		};
		A01575C02E610E510035D125 /* CSVPlusPlusUITests */ = {
			isa = PBXNativeTarget;
			buildConfigurationList = A01575D12E610E510035D125 /* Build configuration list for PBXNativeTarget "CSVPlusPlusUITests" */;
			buildPhases = (
				A01575BD2E610E510035D125 /* Sources */,
				A01575BE2E610E510035D125 /* Frameworks */,
				A01575BF2E610E510035D125 /* Resources */,
			);
			buildRules = (
			);
			dependencies = (
				A01575C32E610E510035D125 /* PBXTargetDependency */,
			);
			fileSystemSynchronizedGroups = (
				A01575C42E610E510035D125 /* CSVPlusPlusUITests */,
			);
			name = CSVPlusPlusUITests;
			packageProductDependencies = (
			);
			productName = CSVPlusPlusUITests;
			productReference = A01575C12E610E510035D125 /* CSVPlusPlusUITests.xctest */;
			productType = "com.apple.product-type.bundle.ui-testing";
		};
/* End PBXNativeTarget section */

/* Begin PBXProject section */
		A01575A12E610E500035D125 /* Project object */ = {
			isa = PBXProject;
			attributes = {
				BuildIndependentTargetsInParallel = 1;
				LastSwiftUpdateCheck = 1630;
				LastUpgradeCheck = 1630;
				TargetAttributes = {
					A01575A82E610E500035D125 = {
						CreatedOnToolsVersion = 16.3;
					};
					A01575B62E610E510035D125 = {
						CreatedOnToolsVersion = 16.3;
						TestTargetID = A01575A82E610E500035D125;
					};
					A01575C02E610E510035D125 = {
						CreatedOnToolsVersion = 16.3;
						TestTargetID = A01575A82E610E500035D125;
					};
				};
			};
			buildConfigurationList = A01575A42E610E500035D125 /* Build configuration list for PBXProject "CSVPlusPlus" */;
			developmentRegion = en;
			hasScannedForEncodings = 0;
			knownRegions = (
				en,
				Base,
			);
			mainGroup = A01575A02E610E500035D125;
			minimizedProjectReferenceProxies = 1;
			preferredProjectObjectVersion = 77;
			productRefGroup = A01575AA2E610E500035D125 /* Products */;
			projectDirPath = "";
			projectRoot = "";
			targets = (
				A01575A82E610E500035D125 /* CSVPlusPlus */,
				A01575B62E610E510035D125 /* CSVPlusPlusTests */,
				A01575C02E610E510035D125 /* CSVPlusPlusUITests */,
			);
		};
/* End PBXProject section */

/* Begin PBXResourcesBuildPhase section */
		A01575A72E610E500035D125 /* Resources */ = {
			isa = PBXResourcesBuildPhase;
			buildActionMask = 2147483647;
			files = (
			);
			runOnlyForDeploymentPostprocessing = 0;
		};
		A01575B52E610E510035D125 /* Resources */ = {
			isa = PBXResourcesBuildPhase;
			buildActionMask = 2147483647;
			files = (
			);
			runOnlyForDeploymentPostprocessing = 0;
		};
		A01575BF2E610E510035D125 /* Resources */ = {
			isa = PBXResourcesBuildPhase;
			buildActionMask = 2147483647;
			files = (
			);
			runOnlyForDeploymentPostprocessing = 0;
		};
/* End PBXResourcesBuildPhase section */

/* Begin PBXSourcesBuildPhase section */
		A01575A52E610E500035D125 /* Sources */ = {
			isa = PBXSourcesBuildPhase;
			buildActionMask = 2147483647;
			files = (
			);
			runOnlyForDeploymentPostprocessing = 0;
		};
		A01575B32E610E510035D125 /* Sources */ = {
			isa = PBXSourcesBuildPhase;
			buildActionMask = 2147483647;
			files = (
			);
			runOnlyForDeploymentPostprocessing = 0;
		};
		A01575BD2E610E510035D125 /* Sources */ = {
			isa = PBXSourcesBuildPhase;
			buildActionMask = 2147483647;
			files = (
			);
			runOnlyForDeploymentPostprocessing = 0;
		};
/* End PBXSourcesBuildPhase section */

/* Begin PBXTargetDependency section */
		A01575B92E610E510035D125 /* PBXTargetDependency */ = {
			isa = PBXTargetDependency;
			target = A01575A82E610E500035D125 /* CSVPlusPlus */;
			targetProxy = A01575B82E610E510035D125 /* PBXContainerItemProxy */;
		};
		A01575C32E610E510035D125 /* PBXTargetDependency */ = {
			isa = PBXTargetDependency;
			target = A01575A82E610E500035D125 /* CSVPlusPlus */;
			targetProxy = A01575C22E610E510035D125 /* PBXContainerItemProxy */;
		};
/* End PBXTargetDependency section */

/* Begin XCBuildConfiguration section */
		A01575C92E610E510035D125 /* Debug */ = {
			isa = XCBuildConfiguration;
			buildSettings = {
				ALWAYS_SEARCH_USER_PATHS = NO;
				ASSETCATALOG_COMPILER_GENERATE_SWIFT_ASSET_SYMBOL_EXTENSIONS = YES;
				CLANG_ANALYZER_NONNULL = YES;
				CLANG_ANALYZER_NUMBER_OBJECT_CONVERSION = YES_AGGRESSIVE;
				CLANG_CXX_LANGUAGE_STANDARD = "gnu++20";
				CLANG_ENABLE_MODULES = YES;
				CLANG_ENABLE_OBJC_ARC = YES;
				CLANG_ENABLE_OBJC_WEAK = YES;
				CLANG_WARN_BLOCK_CAPTURE_AUTORELEASING = YES;
				CLANG_WARN_BOOL_CONVERSION = YES;
				CLANG_WARN_COMMA = YES;
				CLANG_WARN_CONSTANT_CONVERSION = YES;
				CLANG_WARN_DEPRECATED_OBJC_IMPLEMENTATIONS = YES;
				CLANG_WARN_DIRECT_OBJC_ISA_USAGE = YES_ERROR;
				CLANG_WARN_DOCUMENTATION_COMMENTS = YES;
				CLANG_WARN_EMPTY_BODY = YES;
				CLANG_WARN_ENUM_CONVERSION = YES;
				CLANG_WARN_INFINITE_RECURSION = YES;
				CLANG_WARN_INT_CONVERSION = YES;
				CLANG_WARN_NON_LITERAL_NULL_CONVERSION = YES;
				CLANG_WARN_OBJC_IMPLICIT_RETAIN_SELF = YES;
				CLANG_WARN_OBJC_LITERAL_CONVERSION = YES;
				CLANG_WARN_OBJC_ROOT_CLASS = YES_ERROR;
				CLANG_WARN_QUOTED_INCLUDE_IN_FRAMEWORK_HEADER = YES;
				CLANG_WARN_RANGE_LOOP_ANALYSIS = YES;
				CLANG_WARN_STRICT_PROTOTYPES = YES;
				CLANG_WARN_SUSPICIOUS_MOVE = YES;
				CLANG_WARN_UNGUARDED_AVAILABILITY = YES_AGGRESSIVE;
				CLANG_WARN_UNREACHABLE_CODE = YES;
				CLANG_WARN__DUPLICATE_METHOD_MATCH = YES;
				COPY_PHASE_STRIP = NO;
				DEBUG_INFORMATION_FORMAT = dwarf;
				ENABLE_STRICT_OBJC_MSGSEND = YES;
				ENABLE_TESTABILITY = YES;
				ENABLE_USER_SCRIPT_SANDBOXING = YES;
				GCC_C_LANGUAGE_STANDARD = gnu17;
				GCC_DYNAMIC_NO_PIC = NO;
				GCC_NO_COMMON_BLOCKS = YES;
				GCC_OPTIMIZATION_LEVEL = 0;
				GCC_PREPROCESSOR_DEFINITIONS = (
					"DEBUG=1",
					"$(inherited)",
				);
				GCC_WARN_64_TO_32_BIT_CONVERSION = YES;
				GCC_WARN_ABOUT_RETURN_TYPE = YES_ERROR;
				GCC_WARN_UNDECLARED_SELECTOR = YES;
				GCC_WARN_UNINITIALIZED_AUTOS = YES_AGGRESSIVE;
				GCC_WARN_UNUSED_FUNCTION = YES;
				GCC_WARN_UNUSED_VARIABLE = YES;
				LOCALIZATION_PREFERS_STRING_CATALOGS = YES;
				MACOSX_DEPLOYMENT_TARGET = 15.4;
				MTL_ENABLE_DEBUG_INFO = INCLUDE_SOURCE;
				MTL_FAST_MATH = YES;
				ONLY_ACTIVE_ARCH = YES;
				SDKROOT = macosx;
				SWIFT_ACTIVE_COMPILATION_CONDITIONS = "DEBUG $(inherited)";
				SWIFT_OPTIMIZATION_LEVEL = "-Onone";
			};
			name = Debug;
		};
		A01575CA2E610E510035D125 /* Release */ = {
			isa = XCBuildConfiguration;
			buildSettings = {
				ALWAYS_SEARCH_USER_PATHS = NO;
				ASSETCATALOG_COMPILER_GENERATE_SWIFT_ASSET_SYMBOL_EXTENSIONS = YES;
				CLANG_ANALYZER_NONNULL = YES;
				CLANG_ANALYZER_NUMBER_OBJECT_CONVERSION = YES_AGGRESSIVE;
				CLANG_CXX_LANGUAGE_STANDARD = "gnu++20";
				CLANG_ENABLE_MODULES = YES;
				CLANG_ENABLE_OBJC_ARC = YES;
				CLANG_ENABLE_OBJC_WEAK = YES;
				CLANG_WARN_BLOCK_CAPTURE_AUTORELEASING = YES;
				CLANG_WARN_BOOL_CONVERSION = YES;
				CLANG_WARN_COMMA = YES;
				CLANG_WARN_CONSTANT_CONVERSION = YES;
				CLANG_WARN_DEPRECATED_OBJC_IMPLEMENTATIONS = YES;
				CLANG_WARN_DIRECT_OBJC_ISA_USAGE = YES_ERROR;
				CLANG_WARN_DOCUMENTATION_COMMENTS = YES;
				CLANG_WARN_EMPTY_BODY = YES;
				CLANG_WARN_ENUM_CONVERSION = YES;
				CLANG_WARN_INFINITE_RECURSION = YES;
				CLANG_WARN_INT_CONVERSION = YES;
				CLANG_WARN_NON_LITERAL_NULL_CONVERSION = YES;
				CLANG_WARN_OBJC_IMPLICIT_RETAIN_SELF = YES;
				CLANG_WARN_OBJC_LITERAL_CONVERSION = YES;
				CLANG_WARN_OBJC_ROOT_CLASS = YES_ERROR;
				CLANG_WARN_QUOTED_INCLUDE_IN_FRAMEWORK_HEADER = YES;
				CLANG_WARN_RANGE_LOOP_ANALYSIS = YES;
				CLANG_WARN_STRICT_PROTOTYPES = YES;
				CLANG_WARN_SUSPICIOUS_MOVE = YES;
				CLANG_WARN_UNGUARDED_AVAILABILITY = YES_AGGRESSIVE;
				CLANG_WARN_UNREACHABLE_CODE = YES;
				CLANG_WARN__DUPLICATE_METHOD_MATCH = YES;
				COPY_PHASE_STRIP = NO;
				DEBUG_INFORMATION_FORMAT = "dwarf-with-dsym";
				ENABLE_NS_ASSERTIONS = NO;
				ENABLE_STRICT_OBJC_MSGSEND = YES;
				ENABLE_USER_SCRIPT_SANDBOXING = YES;
				GCC_C_LANGUAGE_STANDARD = gnu17;
				GCC_NO_COMMON_BLOCKS = YES;
				GCC_WARN_64_TO_32_BIT_CONVERSION = YES;
				GCC_WARN_ABOUT_RETURN_TYPE = YES_ERROR;
				GCC_WARN_UNDECLARED_SELECTOR = YES;
				GCC_WARN_UNINITIALIZED_AUTOS = YES_AGGRESSIVE;
				GCC_WARN_UNUSED_FUNCTION = YES;
				GCC_WARN_UNUSED_VARIABLE = YES;
				LOCALIZATION_PREFERS_STRING_CATALOGS = YES;
				MACOSX_DEPLOYMENT_TARGET = 15.4;
				MTL_ENABLE_DEBUG_INFO = NO;
				MTL_FAST_MATH = YES;
				SDKROOT = macosx;
				SWIFT_COMPILATION_MODE = wholemodule;
			};
			name = Release;
		};
		A01575CC2E610E510035D125 /* Debug */ = {
			isa = XCBuildConfiguration;
			buildSettings = {
				ASSETCATALOG_COMPILER_APPICON_NAME = AppIcon;
				ASSETCATALOG_COMPILER_GLOBAL_ACCENT_COLOR_NAME = AccentColor;
				CODE_SIGN_ENTITLEMENTS = CSVPlusPlus/CSVPlusPlus.entitlements;
				CODE_SIGN_STYLE = Automatic;
				COMBINE_HIDPI_IMAGES = YES;
				CURRENT_PROJECT_VERSION = 1;
				ENABLE_PREVIEWS = YES;
				GENERATE_INFOPLIST_FILE = YES;
				INFOPLIST_KEY_NSHumanReadableCopyright = "";
				LD_RUNPATH_SEARCH_PATHS = (
					"$(inherited)",
					"@executable_path/../Frameworks",
				);
				MARKETING_VERSION = 1.0;
				PRODUCT_BUNDLE_IDENTIFIER = come.rodgetech.CSVPlusPlus;
				PRODUCT_NAME = "$(TARGET_NAME)";
				REGISTER_APP_GROUPS = YES;
				SWIFT_EMIT_LOC_STRINGS = YES;
				SWIFT_VERSION = 5.0;
			};
			name = Debug;
		};
		A01575CD2E610E510035D125 /* Release */ = {
			isa = XCBuildConfiguration;
			buildSettings = {
				ASSETCATALOG_COMPILER_APPICON_NAME = AppIcon;
				ASSETCATALOG_COMPILER_GLOBAL_ACCENT_COLOR_NAME = AccentColor;
				CODE_SIGN_ENTITLEMENTS = CSVPlusPlus/CSVPlusPlus.entitlements;
				CODE_SIGN_STYLE = Automatic;
				COMBINE_HIDPI_IMAGES = YES;
				CURRENT_PROJECT_VERSION = 1;
				ENABLE_PREVIEWS = YES;
				GENERATE_INFOPLIST_FILE = YES;
				INFOPLIST_KEY_NSHumanReadableCopyright = "";
				LD_RUNPATH_SEARCH_PATHS = (
					"$(inherited)",
					"@executable_path/../Frameworks",
				);
				MARKETING_VERSION = 1.0;
				PRODUCT_BUNDLE_IDENTIFIER = come.rodgetech.CSVPlusPlus;
				PRODUCT_NAME = "$(TARGET_NAME)";
				REGISTER_APP_GROUPS = YES;
				SWIFT_EMIT_LOC_STRINGS = YES;
				SWIFT_VERSION = 5.0;
			};
			name = Release;
		};
		A01575CF2E610E510035D125 /* Debug */ = {
			isa = XCBuildConfiguration;
			buildSettings = {
				BUNDLE_LOADER = "$(TEST_HOST)";
				CODE_SIGN_STYLE = Automatic;
				CURRENT_PROJECT_VERSION = 1;
				GENERATE_INFOPLIST_FILE = YES;
				MACOSX_DEPLOYMENT_TARGET = 15.4;
				MARKETING_VERSION = 1.0;
				PRODUCT_BUNDLE_IDENTIFIER = come.rodgetech.CSVPlusPlusTests;
				PRODUCT_NAME = "$(TARGET_NAME)";
				SWIFT_EMIT_LOC_STRINGS = NO;
				SWIFT_VERSION = 5.0;
				TEST_HOST = "$(BUILT_PRODUCTS_DIR)/CSVPlusPlus.app/$(BUNDLE_EXECUTABLE_FOLDER_PATH)/CSVPlusPlus";
			};
			name = Debug;
		};
		A01575D02E610E510035D125 /* Release */ = {
			isa = XCBuildConfiguration;
			buildSettings = {
				BUNDLE_LOADER = "$(TEST_HOST)";
				CODE_SIGN_STYLE = Automatic;
				CURRENT_PROJECT_VERSION = 1;
				GENERATE_INFOPLIST_FILE = YES;
				MACOSX_DEPLOYMENT_TARGET = 15.4;
				MARKETING_VERSION = 1.0;
				PRODUCT_BUNDLE_IDENTIFIER = come.rodgetech.CSVPlusPlusTests;
				PRODUCT_NAME = "$(TARGET_NAME)";
				SWIFT_EMIT_LOC_STRINGS = NO;
				SWIFT_VERSION = 5.0;
				TEST_HOST = "$(BUILT_PRODUCTS_DIR)/CSVPlusPlus.app/$(BUNDLE_EXECUTABLE_FOLDER_PATH)/CSVPlusPlus";
			};
			name = Release;
		};
		A01575D22E610E510035D125 /* Debug */ = {
			isa = XCBuildConfiguration;
			buildSettings = {
				CODE_SIGN_STYLE = Automatic;
				CURRENT_PROJECT_VERSION = 1;
				GENERATE_INFOPLIST_FILE = YES;
				MARKETING_VERSION = 1.0;
				PRODUCT_BUNDLE_IDENTIFIER = come.rodgetech.CSVPlusPlusUITests;
				PRODUCT_NAME = "$(TARGET_NAME)";
				SWIFT_EMIT_LOC_STRINGS = NO;
				SWIFT_VERSION = 5.0;
				TEST_TARGET_NAME = CSVPlusPlus;
			};
			name = Debug;
		};
		A01575D32E610E510035D125 /* Release */ = {
			isa = XCBuildConfiguration;
			buildSettings = {
				CODE_SIGN_STYLE = Automatic;
				CURRENT_PROJECT_VERSION = 1;
				GENERATE_INFOPLIST_FILE = YES;
				MARKETING_VERSION = 1.0;
				PRODUCT_BUNDLE_IDENTIFIER = come.rodgetech.CSVPlusPlusUITests;
				PRODUCT_NAME = "$(TARGET_NAME)";
				SWIFT_EMIT_LOC_STRINGS = NO;
				SWIFT_VERSION = 5.0;
				TEST_TARGET_NAME = CSVPlusPlus;
			};
			name = Release;
		};
/* End XCBuildConfiguration section */

/* Begin XCConfigurationList section */
		A01575A42E610E500035D125 /* Build configuration list for PBXProject "CSVPlusPlus" */ = {
			isa = XCConfigurationList;
			buildConfigurations = (
				A01575C92E610E510035D125 /* Debug */,
				A01575CA2E610E510035D125 /* Release */,
			);
			defaultConfigurationIsVisible = 0;
			defaultConfigurationName = Release;
		};
		A01575CB2E610E510035D125 /* Build configuration list for PBXNativeTarget "CSVPlusPlus" */ = {
			isa = XCConfigurationList;
			buildConfigurations = (
				A01575CC2E610E510035D125 /* Debug */,
				A01575CD2E610E510035D125 /* Release */,
			);
			defaultConfigurationIsVisible = 0;
			defaultConfigurationName = Release;
		};
		A01575CE2E610E510035D125 /* Build configuration list for PBXNativeTarget "CSVPlusPlusTests" */ = {
			isa = XCConfigurationList;
			buildConfigurations = (
				A01575CF2E610E510035D125 /* Debug */,
				A01575D02E610E510035D125 /* Release */,
			);
			defaultConfigurationIsVisible = 0;
			defaultConfigurationName = Release;
		};
		A01575D12E610E510035D125 /* Build configuration list for PBXNativeTarget "CSVPlusPlusUITests" */ = {
			isa = XCConfigurationList;
			buildConfigurations = (
				A01575D22E610E510035D125 /* Debug */,
				A01575D32E610E510035D125 /* Release */,
			);
			defaultConfigurationIsVisible = 0;
			defaultConfigurationName = Release;
		};
/* End XCConfigurationList section */
	};
	rootObject = A01575A12E610E500035D125 /* Project object */;
}
